
Microsoft Visual Studio Solution File, Format Version 12.00
# Visual Studio Version 17
VisualStudioVersion = 17.4.33122.133
MinimumVisualStudioVersion = 10.0.40219.1
Project("{9A19103F-16F7-4668-BE54-9A1E7A4F7556}") = "Shared", "Shared\Shared.csproj", "{B97A4DBD-C87A-4EC6-8FDE-5065BD8CB665}"
EndProject
Project("{2150E333-8FDC-42A3-9474-1A3956D46DE8}") = "Solution Items", "Solution Items", "{B87BF20C-2B79-49C5-B443-B06F44BD51E3}"
	ProjectSection(SolutionItems) = preProject
		AssemblyInfo.Shared.cs = AssemblyInfo.Shared.cs
	EndProjectSection
EndProject
Project("{9A19103F-16F7-4668-BE54-9A1E7A4F7556}") = "GUI", "GUI\GUI.csproj", "{EB06E70A-D211-49FA-9EF0-638B046FF5D3}"
EndProject
Project("{9A19103F-16F7-4668-BE54-9A1E7A4F7556}") = "Font Editor", "Font Editor\Font Editor.csproj", "{4326A13F-F20F-4D72-8FB4-F4F583ED0A86}"
EndProject
Global
	GlobalSection(SolutionConfigurationPlatforms) = preSolution
		Debug|Any CPU = Debug|Any CPU
		Release|Any CPU = Release|Any CPU
	EndGlobalSection
	GlobalSection(ProjectConfigurationPlatforms) = postSolution
		{B97A4DBD-C87A-4EC6-8FDE-5065BD8CB665}.Debug|Any CPU.ActiveCfg = Debug|Any CPU
		{B97A4DBD-C87A-4EC6-8FDE-5065BD8CB665}.Debug|Any CPU.Build.0 = Debug|Any CPU
		{B97A4DBD-C87A-4EC6-8FDE-5065BD8CB665}.Release|Any CPU.ActiveCfg = Release|Any CPU
		{B97A4DBD-C87A-4EC6-8FDE-5065BD8CB665}.Release|Any CPU.Build.0 = Release|Any CPU
		{EB06E70A-D211-49FA-9EF0-638B046FF5D3}.Debug|Any CPU.ActiveCfg = Debug|Any CPU
		{EB06E70A-D211-49FA-9EF0-638B046FF5D3}.Debug|Any CPU.Build.0 = Debug|Any CPU
		{EB06E70A-D211-49FA-9EF0-638B046FF5D3}.Release|Any CPU.ActiveCfg = Release|Any CPU
		{EB06E70A-D211-49FA-9EF0-638B046FF5D3}.Release|Any CPU.Build.0 = Release|Any CPU
		{4326A13F-F20F-4D72-8FB4-F4F583ED0A86}.Debug|Any CPU.ActiveCfg = Debug|Any CPU
		{4326A13F-F20F-4D72-8FB4-F4F583ED0A86}.Debug|Any CPU.Build.0 = Debug|Any CPU
		{4326A13F-F20F-4D72-8FB4-F4F583ED0A86}.Release|Any CPU.ActiveCfg = Release|Any CPU
		{4326A13F-F20F-4D72-8FB4-F4F583ED0A86}.Release|Any CPU.Build.0 = Release|Any CPU
	EndGlobalSection
	GlobalSection(SolutionProperties) = preSolution
		HideSolutionNode = FALSE
	EndGlobalSection
	GlobalSection(ExtensibilityGlobals) = postSolution
		SolutionGuid = {ADBD0F40-4968-4BDD-8FB5-57BB3448361B}
	EndGlobalSection
EndGlobal
